# This file is automatically @generated by Cargo.
# It is not intended for manual editing.
version = 4

[[package]]
name = "cli"
version = "0.1.0"
dependencies = [
 "riv",
 "zed",
]

[[package]]
name = "gui"
version = "0.1.0"
dependencies = [
 "riv",
 "zed",
]

[[package]]
name = "riv"
version = "0.1.0"
dependencies = [
 "zed",
]

[[package]]
name = "zed"
version = "0.1.0"
